// !$*UTF8*$!
{
	archiveVersion = 1;
	classes = {
	};
	objectVersion = 46;
	objects = {

/* Begin PBXBuildFile section */
		6D69C1341D3DD31E0007BC4C /* EzvizView.m in Sources */ = {isa = PBXBuildFile; fileRef = 6D69C1331D3DD31E0007BC4C /* EzvizView.m */; };
		6D69C1381D3DD3AF0007BC4C /* libcrypto.a in Frameworks */ = {isa = PBXBuildFile; fileRef = 6D69C1351D3DD3AF0007BC4C /* libcrypto.a */; };
		6D69C1391D3DD3AF0007BC4C /* libEZOpenSDK.a in Frameworks */ = {isa = PBXBuildFile; fileRef = 6D69C1361D3DD3AF0007BC4C /* libEZOpenSDK.a */; };
		6D69C13A1D3DD3AF0007BC4C /* libssl.a in Frameworks */ = {isa = PBXBuildFile; fileRef = 6D69C1371D3DD3AF0007BC4C /* libssl.a */; };
		6DDC74691D26C18D00D0DFCA /* EzvizManager.m in Sources */ = {isa = PBXBuildFile; fileRef = 6DDC74671D26C18C00D0DFCA /* EzvizManager.m */; };
		6DDC746A1D26C18D00D0DFCA /* EzvizModule.m in Sources */ = {isa = PBXBuildFile; fileRef = 6DDC74681D26C18C00D0DFCA /* EzvizModule.m */; };
/* End PBXBuildFile section */

/* Begin PBXCopyFilesBuildPhase section */
		6D1FD8DB1CDD097A00450F77 /* CopyFiles */ = {
			isa = PBXCopyFilesBuildPhase;
			buildActionMask = 2147483647;
			dstPath = "include/$(PRODUCT_NAME)";
			dstSubfolderSpec = 16;
			files = (
			);
			runOnlyForDeploymentPostprocessing = 0;
		};
/* End PBXCopyFilesBuildPhase section */

/* Begin PBXFileReference section */
		6D1FD8DD1CDD097A00450F77 /* libRNEzviz.a */ = {isa = PBXFileReference; explicitFileType = archive.ar; includeInIndex = 0; path = libRNEzviz.a; sourceTree = BUILT_PRODUCTS_DIR; };
		6D69C1321D3DD31E0007BC4C /* EzvizView.h */ = {isa = PBXFileReference; fileEncoding = 4; lastKnownFileType = sourcecode.c.h; path = EzvizView.h; sourceTree = "<group>"; };
		6D69C1331D3DD31E0007BC4C /* EzvizView.m */ = {isa = PBXFileReference; fileEncoding = 4; lastKnownFileType = sourcecode.c.objc; path = EzvizView.m; sourceTree = "<group>"; };
		6D69C1351D3DD3AF0007BC4C /* libcrypto.a */ = {isa = PBXFileReference; lastKnownFileType = archive.ar; path = libcrypto.a; sourceTree = "<group>"; };
		6D69C1361D3DD3AF0007BC4C /* libEZOpenSDK.a */ = {isa = PBXFileReference; lastKnownFileType = archive.ar; path = libEZOpenSDK.a; sourceTree = "<group>"; };
		6D69C1371D3DD3AF0007BC4C /* libssl.a */ = {isa = PBXFileReference; lastKnownFileType = archive.ar; path = libssl.a; sourceTree = "<group>"; };
		6DDC74671D26C18C00D0DFCA /* EzvizManager.m */ = {isa = PBXFileReference; fileEncoding = 4; lastKnownFileType = sourcecode.c.objc; path = EzvizManager.m; sourceTree = "<group>"; };
		6DDC74681D26C18C00D0DFCA /* EzvizModule.m */ = {isa = PBXFileReference; fileEncoding = 4; lastKnownFileType = sourcecode.c.objc; path = EzvizModule.m; sourceTree = "<group>"; };
/* End PBXFileReference section */

/* Begin PBXFrameworksBuildPhase section */
		6D1FD8DA1CDD097A00450F77 /* Frameworks */ = {
			isa = PBXFrameworksBuildPhase;
			buildActionMask = 2147483647;
			files = (
				6D69C1381D3DD3AF0007BC4C /* libcrypto.a in Frameworks */,
				6D69C1391D3DD3AF0007BC4C /* libEZOpenSDK.a in Frameworks */,
				6D69C13A1D3DD3AF0007BC4C /* libssl.a in Frameworks */,
			);
			runOnlyForDeploymentPostprocessing = 0;
		};
/* End PBXFrameworksBuildPhase section */

/* Begin PBXGroup section */
		6D1FD8D41CDD097A00450F77 = {
			isa = PBXGroup;
			children = (
				6D69C1351D3DD3AF0007BC4C /* libcrypto.a */,
				6D69C1361D3DD3AF0007BC4C /* libEZOpenSDK.a */,
				6D69C1371D3DD3AF0007BC4C /* libssl.a */,
				6D69C1321D3DD31E0007BC4C /* EzvizView.h */,
				6D69C1331D3DD31E0007BC4C /* EzvizView.m */,
				6DDC74671D26C18C00D0DFCA /* EzvizManager.m */,
				6DDC74681D26C18C00D0DFCA /* EzvizModule.m */,
				6D1FD8DE1CDD097A00450F77 /* Products */,
			);
			sourceTree = "<group>";
		};
		6D1FD8DE1CDD097A00450F77 /* Products */ = {
			isa = PBXGroup;
			children = (
				6D1FD8DD1CDD097A00450F77 /* libRNEzviz.a */,
			);
			name = Products;
			sourceTree = "<group>";
		};
/* End PBXGroup section */

/* Begin PBXNativeTarget section */
		6D1FD8DC1CDD097A00450F77 /* RNEzviz */ = {
			isa = PBXNativeTarget;
			buildConfigurationList = 6D1FD8E61CDD097A00450F77 /* Build configuration list for PBXNativeTarget "RNEzviz" */;
			buildPhases = (
				6D1FD8D91CDD097A00450F77 /* Sources */,
				6D1FD8DA1CDD097A00450F77 /* Frameworks */,
				6D1FD8DB1CDD097A00450F77 /* CopyFiles */,
			);
			buildRules = (
			);
			dependencies = (
			);
			name = RNEzviz;
			productName = RNEzviz;
			productReference = 6D1FD8DD1CDD097A00450F77 /* libRNEzviz.a */;
			productType = "com.apple.product-type.library.static";
		};
/* End PBXNativeTarget section */

/* Begin PBXProject section */
		6D1FD8D51CDD097A00450F77 /* Project object */ = {
			isa = PBXProject;
			attributes = {
				LastUpgradeCheck = 0730;
				ORGANIZATIONNAME = lumin;
				TargetAttributes = {
					6D1FD8DC1CDD097A00450F77 = {
						CreatedOnToolsVersion = 7.3;
					};
				};
			};
			buildConfigurationList = 6D1FD8D81CDD097A00450F77 /* Build configuration list for PBXProject "RNEzviz" */;
			compatibilityVersion = "Xcode 3.2";
			developmentRegion = English;
			hasScannedForEncodings = 0;
			knownRegions = (
				en,
			);
			mainGroup = 6D1FD8D41CDD097A00450F77;
			productRefGroup = 6D1FD8DE1CDD097A00450F77 /* Products */;
			projectDirPath = "";
			projectRoot = "";
			targets = (
				6D1FD8DC1CDD097A00450F77 /* RNEzviz */,
			);
		};
/* End PBXProject section */

/* Begin PBXSourcesBuildPhase section */
		6D1FD8D91CDD097A00450F77 /* Sources */ = {
			isa = PBXSourcesBuildPhase;
			buildActionMask = 2147483647;
			files = (
				6DDC746A1D26C18D00D0DFCA /* EzvizModule.m in Sources */,
				6DDC74691D26C18D00D0DFCA /* EzvizManager.m in Sources */,
				6D69C1341D3DD31E0007BC4C /* EzvizView.m in Sources */,
			);
			runOnlyForDeploymentPostprocessing = 0;
		};
/* End PBXSourcesBuildPhase section */

/* Begin XCBuildConfiguration section */
		6D1FD8E41CDD097A00450F77 /* Debug */ = {
			isa = XCBuildConfiguration;
			buildSettings = {
				ALWAYS_SEARCH_USER_PATHS = NO;
				CLANG_ANALYZER_NONNULL = YES;
				CLANG_CXX_LANGUAGE_STANDARD = "gnu++0x";
				CLANG_CXX_LIBRARY = "libc++";
				CLANG_ENABLE_MODULES = YES;
				CLANG_ENABLE_OBJC_ARC = YES;
				CLANG_WARN_BOOL_CONVERSION = YES;
				CLANG_WARN_CONSTANT_CONVERSION = YES;
				CLANG_WARN_DIRECT_OBJC_ISA_USAGE = YES_ERROR;
				CLANG_WARN_EMPTY_BODY = YES;
				CLANG_WARN_ENUM_CONVERSION = YES;
				CLANG_WARN_INT_CONVERSION = YES;
				CLANG_WARN_OBJC_ROOT_CLASS = YES_ERROR;
				CLANG_WARN_UNREACHABLE_CODE = YES;
				CLANG_WARN__DUPLICATE_METHOD_MATCH = YES;
				"CODE_SIGN_IDENTITY[sdk=iphoneos*]" = "iPhone Developer";
				COPY_PHASE_STRIP = NO;
				DEBUG_INFORMATION_FORMAT = dwarf;
				ENABLE_STRICT_OBJC_MSGSEND = YES;
				ENABLE_TESTABILITY = YES;
				GCC_C_LANGUAGE_STANDARD = gnu99;
				GCC_DYNAMIC_NO_PIC = NO;
				GCC_NO_COMMON_BLOCKS = YES;
				GCC_OPTIMIZATION_LEVEL = 0;
				GCC_PREPROCESSOR_DEFINITIONS = (
					"DEBUG=1",
					"$(inherited)",
				);
				GCC_WARN_64_TO_32_BIT_CONVERSION = YES;
				GCC_WARN_ABOUT_RETURN_TYPE = YES_ERROR;
				GCC_WARN_UNDECLARED_SELECTOR = YES;
				GCC_WARN_UNINITIALIZED_AUTOS = YES_AGGRESSIVE;
				GCC_WARN_UNUSED_FUNCTION = YES;
				GCC_WARN_UNUSED_VARIABLE = YES;
				IPHONEOS_DEPLOYMENT_TARGET = 9.3;
				MTL_ENABLE_DEBUG_INFO = YES;
				ONLY_ACTIVE_ARCH = YES;
				SDKROOT = iphoneos;
			};
			name = Debug;
		};
		6D1FD8E51CDD097A00450F77 /* Release */ = {
			isa = XCBuildConfiguration;
			buildSettings = {
				ALWAYS_SEARCH_USER_PATHS = NO;
				CLANG_ANALYZER_NONNULL = YES;
				CLANG_CXX_LANGUAGE_STANDARD = "gnu++0x";
				CLANG_CXX_LIBRARY = "libc++";
				CLANG_ENABLE_MODULES = YES;
				CLANG_ENABLE_OBJC_ARC = YES;
				CLANG_WARN_BOOL_CONVERSION = YES;
				CLANG_WARN_CONSTANT_CONVERSION = YES;
				CLANG_WARN_DIRECT_OBJC_ISA_USAGE = YES_ERROR;
				CLANG_WARN_EMPTY_BODY = YES;
				CLANG_WARN_ENUM_CONVERSION = YES;
				CLANG_WARN_INT_CONVERSION = YES;
				CLANG_WARN_OBJC_ROOT_CLASS = YES_ERROR;
				CLANG_WARN_UNREACHABLE_CODE = YES;
				CLANG_WARN__DUPLICATE_METHOD_MATCH = YES;
				"CODE_SIGN_IDENTITY[sdk=iphoneos*]" = "iPhone Developer";
				COPY_PHASE_STRIP = NO;
				DEBUG_INFORMATION_FORMAT = "dwarf-with-dsym";
				ENABLE_NS_ASSERTIONS = NO;
				ENABLE_STRICT_OBJC_MSGSEND = YES;
				GCC_C_LANGUAGE_STANDARD = gnu99;
				GCC_NO_COMMON_BLOCKS = YES;
				GCC_WARN_64_TO_32_BIT_CONVERSION = YES;
				GCC_WARN_ABOUT_RETURN_TYPE = YES_ERROR;
				GCC_WARN_UNDECLARED_SELECTOR = YES;
				GCC_WARN_UNINITIALIZED_AUTOS = YES_AGGRESSIVE;
				GCC_WARN_UNUSED_FUNCTION = YES;
				GCC_WARN_UNUSED_VARIABLE = YES;
				IPHONEOS_DEPLOYMENT_TARGET = 9.3;
				MTL_ENABLE_DEBUG_INFO = NO;
				SDKROOT = iphoneos;
				VALIDATE_PRODUCT = YES;
			};
			name = Release;
		};
		6D1FD8E71CDD097A00450F77 /* Debug */ = {
			isa = XCBuildConfiguration;
			buildSettings = {
				FRAMEWORK_SEARCH_PATHS = (
					"$(inherited)",
					"$(PROJECT_DIR)",
				);
				HEADER_SEARCH_PATHS = (
					"$(inherited)",
					/Applications/Xcode.app/Contents/Developer/Toolchains/XcodeDefault.xctoolchain/usr/include,
					"$(SRCROOT)/../../../React/**",
					"$(SRCROOT)/../../react-native/React/**",
					"$(SRCROOT)/../node_modules/react-native/React/**",
				);
				LIBRARY_SEARCH_PATHS = (
					"$(inherited)",
					"$(PROJECT_DIR)",
				);
				OTHER_LDFLAGS = "-ObjC";
				PRODUCT_NAME = "$(TARGET_NAME)";
				SKIP_INSTALL = YES;
			};
			name = Debug;
		};
		6D1FD8E81CDD097A00450F77 /* Release */ = {
			isa = XCBuildConfiguration;
			buildSettings = {
				FRAMEWORK_SEARCH_PATHS = (
					"$(inherited)",
					"$(PROJECT_DIR)",
				);
				HEADER_SEARCH_PATHS = (
					"$(inherited)",
					/Applications/Xcode.app/Contents/Developer/Toolchains/XcodeDefault.xctoolchain/usr/include,
					"$(SRCROOT)/../../../React/**",
					"$(SRCROOT)/../../react-native/React/**",
					"$(SRCROOT)/../node_modules/react-native/React/**",
				);
				LIBRARY_SEARCH_PATHS = (
					"$(inherited)",
					"$(PROJECT_DIR)",
				);
				OTHER_LDFLAGS = "-ObjC";
				PRODUCT_NAME = "$(TARGET_NAME)";
				SKIP_INSTALL = YES;
			};
			name = Release;
		};
/* End XCBuildConfiguration section */

/* Begin XCConfigurationList section */
		6D1FD8D81CDD097A00450F77 /* Build configuration list for PBXProject "RNEzviz" */ = {
			isa = XCConfigurationList;
			buildConfigurations = (
				6D1FD8E41CDD097A00450F77 /* Debug */,
				6D1FD8E51CDD097A00450F77 /* Release */,
			);
			defaultConfigurationIsVisible = 0;
			defaultConfigurationName = Release;
		};
		6D1FD8E61CDD097A00450F77 /* Build configuration list for PBXNativeTarget "RNEzviz" */ = {
			isa = XCConfigurationList;
			buildConfigurations = (
				6D1FD8E71CDD097A00450F77 /* Debug */,
				6D1FD8E81CDD097A00450F77 /* Release */,
			);
			defaultConfigurationIsVisible = 0;
			defaultConfigurationName = Release;
		};
/* End XCConfigurationList section */
	};
	rootObject = 6D1FD8D51CDD097A00450F77 /* Project object */;
}
